// !$*UTF8*$!
{
	archiveVersion = 1;
	classes = {
	};
	objectVersion = 50;
	objects = {

/* Begin PBXBuildFile section */
		7263A7572430B46D00B363FA /* AppDelegate.swift in Sources */ = {isa = PBXBuildFile; fileRef = 7263A7562430B46D00B363FA /* AppDelegate.swift */; };
		7263A7592430B46D00B363FA /* SceneDelegate.swift in Sources */ = {isa = PBXBuildFile; fileRef = 7263A7582430B46D00B363FA /* SceneDelegate.swift */; };
		7263A75B2430B46D00B363FA /* MainViewController.swift in Sources */ = {isa = PBXBuildFile; fileRef = 7263A75A2430B46D00B363FA /* MainViewController.swift */; };
		7263A75E2430B46D00B363FA /* Main.storyboard in Resources */ = {isa = PBXBuildFile; fileRef = 7263A75C2430B46D00B363FA /* Main.storyboard */; };
		7263A7602430B46D00B363FA /* Assets.xcassets in Resources */ = {isa = PBXBuildFile; fileRef = 7263A75F2430B46D00B363FA /* Assets.xcassets */; };
		7263A7632430B46D00B363FA /* LaunchScreen.storyboard in Resources */ = {isa = PBXBuildFile; fileRef = 7263A7612430B46D00B363FA /* LaunchScreen.storyboard */; };
		7263A76F2430C7A400B363FA /* FacebookShare.framework in Frameworks */ = {isa = PBXBuildFile; fileRef = 7263A76C2430C7A400B363FA /* FacebookShare.framework */; };
		7263A7702430C7A400B363FA /* FacebookShare.framework in Embed Frameworks */ = {isa = PBXBuildFile; fileRef = 7263A76C2430C7A400B363FA /* FacebookShare.framework */; settings = {ATTRIBUTES = (CodeSignOnCopy, RemoveHeadersOnCopy, ); }; };
		7263A7712430C7A400B363FA /* FacebookCore.framework in Frameworks */ = {isa = PBXBuildFile; fileRef = 7263A76D2430C7A400B363FA /* FacebookCore.framework */; };
		7263A7722430C7A400B363FA /* FacebookCore.framework in Embed Frameworks */ = {isa = PBXBuildFile; fileRef = 7263A76D2430C7A400B363FA /* FacebookCore.framework */; settings = {ATTRIBUTES = (CodeSignOnCopy, RemoveHeadersOnCopy, ); }; };
		7263A7732430C7A400B363FA /* FacebookLogin.framework in Frameworks */ = {isa = PBXBuildFile; fileRef = 7263A76E2430C7A400B363FA /* FacebookLogin.framework */; };
		7263A7742430C7A400B363FA /* FacebookLogin.framework in Embed Frameworks */ = {isa = PBXBuildFile; fileRef = 7263A76E2430C7A400B363FA /* FacebookLogin.framework */; settings = {ATTRIBUTES = (CodeSignOnCopy, RemoveHeadersOnCopy, ); }; };
		7263A77B2430C99500B363FA /* FBSDKLoginKit.framework in Frameworks */ = {isa = PBXBuildFile; fileRef = 7263A7772430C99500B363FA /* FBSDKLoginKit.framework */; };
		7263A77C2430C99500B363FA /* FBSDKLoginKit.framework in Embed Frameworks */ = {isa = PBXBuildFile; fileRef = 7263A7772430C99500B363FA /* FBSDKLoginKit.framework */; settings = {ATTRIBUTES = (CodeSignOnCopy, RemoveHeadersOnCopy, ); }; };
		7263A77D2430C99500B363FA /* FBSDKCoreKit.framework in Frameworks */ = {isa = PBXBuildFile; fileRef = 7263A7782430C99500B363FA /* FBSDKCoreKit.framework */; };
		7263A77E2430C99500B363FA /* FBSDKCoreKit.framework in Embed Frameworks */ = {isa = PBXBuildFile; fileRef = 7263A7782430C99500B363FA /* FBSDKCoreKit.framework */; settings = {ATTRIBUTES = (CodeSignOnCopy, RemoveHeadersOnCopy, ); }; };
		7263A77F2430C99500B363FA /* FBSDKShareKit.framework in Frameworks */ = {isa = PBXBuildFile; fileRef = 7263A7792430C99500B363FA /* FBSDKShareKit.framework */; };
		7263A7802430C99500B363FA /* FBSDKShareKit.framework in Embed Frameworks */ = {isa = PBXBuildFile; fileRef = 7263A7792430C99500B363FA /* FBSDKShareKit.framework */; settings = {ATTRIBUTES = (CodeSignOnCopy, RemoveHeadersOnCopy, ); }; };
		7263A7812430C99500B363FA /* FBSDKPlacesKit.framework in Frameworks */ = {isa = PBXBuildFile; fileRef = 7263A77A2430C99500B363FA /* FBSDKPlacesKit.framework */; };
		7263A7822430C99500B363FA /* FBSDKPlacesKit.framework in Embed Frameworks */ = {isa = PBXBuildFile; fileRef = 7263A77A2430C99500B363FA /* FBSDKPlacesKit.framework */; settings = {ATTRIBUTES = (CodeSignOnCopy, RemoveHeadersOnCopy, ); }; };
		72985A362431080600AA7425 /* VKSdkFramework.framework in Frameworks */ = {isa = PBXBuildFile; fileRef = 72985A352431080600AA7425 /* VKSdkFramework.framework */; };
		72985A372431080600AA7425 /* VKSdkFramework.framework in Embed Frameworks */ = {isa = PBXBuildFile; fileRef = 72985A352431080600AA7425 /* VKSdkFramework.framework */; settings = {ATTRIBUTES = (CodeSignOnCopy, RemoveHeadersOnCopy, ); }; };
		72A1DF482430E95D0014C7A5 /* LoginViewController.swift in Sources */ = {isa = PBXBuildFile; fileRef = 72A1DF472430E95D0014C7A5 /* LoginViewController.swift */; };
		72A1DF4A2430F5900014C7A5 /* SharingViewController.swift in Sources */ = {isa = PBXBuildFile; fileRef = 72A1DF492430F5900014C7A5 /* SharingViewController.swift */; };
/* End PBXBuildFile section */

/* Begin PBXCopyFilesBuildPhase section */
		7263A7752430C7A500B363FA /* Embed Frameworks */ = {
			isa = PBXCopyFilesBuildPhase;
			buildActionMask = 2147483647;
			dstPath = "";
			dstSubfolderSpec = 10;
			files = (
				7263A77E2430C99500B363FA /* FBSDKCoreKit.framework in Embed Frameworks */,
				7263A7702430C7A400B363FA /* FacebookShare.framework in Embed Frameworks */,
				7263A7802430C99500B363FA /* FBSDKShareKit.framework in Embed Frameworks */,
				7263A7742430C7A400B363FA /* FacebookLogin.framework in Embed Frameworks */,
				7263A7822430C99500B363FA /* FBSDKPlacesKit.framework in Embed Frameworks */,
				72985A372431080600AA7425 /* VKSdkFramework.framework in Embed Frameworks */,
				7263A77C2430C99500B363FA /* FBSDKLoginKit.framework in Embed Frameworks */,
				7263A7722430C7A400B363FA /* FacebookCore.framework in Embed Frameworks */,
			);
			name = "Embed Frameworks";
			runOnlyForDeploymentPostprocessing = 0;
		};
/* End PBXCopyFilesBuildPhase section */

/* Begin PBXFileReference section */
		7263A7532430B46D00B363FA /* PhotoSharing.app */ = {isa = PBXFileReference; explicitFileType = wrapper.application; includeInIndex = 0; path = PhotoSharing.app; sourceTree = BUILT_PRODUCTS_DIR; };
		7263A7562430B46D00B363FA /* AppDelegate.swift */ = {isa = PBXFileReference; lastKnownFileType = sourcecode.swift; path = AppDelegate.swift; sourceTree = "<group>"; };
		7263A7582430B46D00B363FA /* SceneDelegate.swift */ = {isa = PBXFileReference; lastKnownFileType = sourcecode.swift; path = SceneDelegate.swift; sourceTree = "<group>"; };
		7263A75A2430B46D00B363FA /* MainViewController.swift */ = {isa = PBXFileReference; lastKnownFileType = sourcecode.swift; path = MainViewController.swift; sourceTree = "<group>"; };
		7263A75D2430B46D00B363FA /* Base */ = {isa = PBXFileReference; lastKnownFileType = file.storyboard; name = Base; path = Base.lproj/Main.storyboard; sourceTree = "<group>"; };
		7263A75F2430B46D00B363FA /* Assets.xcassets */ = {isa = PBXFileReference; lastKnownFileType = folder.assetcatalog; path = Assets.xcassets; sourceTree = "<group>"; };
		7263A7622430B46D00B363FA /* Base */ = {isa = PBXFileReference; lastKnownFileType = file.storyboard; name = Base; path = Base.lproj/LaunchScreen.storyboard; sourceTree = "<group>"; };
		7263A7642430B46D00B363FA /* Info.plist */ = {isa = PBXFileReference; lastKnownFileType = text.plist.xml; path = Info.plist; sourceTree = "<group>"; };
		7263A76C2430C7A400B363FA /* FacebookShare.framework */ = {isa = PBXFileReference; lastKnownFileType = wrapper.framework; name = FacebookShare.framework; path = Carthage/Build/iOS/FacebookShare.framework; sourceTree = "<group>"; };
		7263A76D2430C7A400B363FA /* FacebookCore.framework */ = {isa = PBXFileReference; lastKnownFileType = wrapper.framework; name = FacebookCore.framework; path = Carthage/Build/iOS/FacebookCore.framework; sourceTree = "<group>"; };
		7263A76E2430C7A400B363FA /* FacebookLogin.framework */ = {isa = PBXFileReference; lastKnownFileType = wrapper.framework; name = FacebookLogin.framework; path = Carthage/Build/iOS/FacebookLogin.framework; sourceTree = "<group>"; };
		7263A7772430C99500B363FA /* FBSDKLoginKit.framework */ = {isa = PBXFileReference; lastKnownFileType = wrapper.framework; name = FBSDKLoginKit.framework; path = Carthage/Build/iOS/FBSDKLoginKit.framework; sourceTree = "<group>"; };
		7263A7782430C99500B363FA /* FBSDKCoreKit.framework */ = {isa = PBXFileReference; lastKnownFileType = wrapper.framework; name = FBSDKCoreKit.framework; path = Carthage/Build/iOS/FBSDKCoreKit.framework; sourceTree = "<group>"; };
		7263A7792430C99500B363FA /* FBSDKShareKit.framework */ = {isa = PBXFileReference; lastKnownFileType = wrapper.framework; name = FBSDKShareKit.framework; path = Carthage/Build/iOS/FBSDKShareKit.framework; sourceTree = "<group>"; };
		7263A77A2430C99500B363FA /* FBSDKPlacesKit.framework */ = {isa = PBXFileReference; lastKnownFileType = wrapper.framework; name = FBSDKPlacesKit.framework; path = Carthage/Build/iOS/FBSDKPlacesKit.framework; sourceTree = "<group>"; };
		72985A352431080600AA7425 /* VKSdkFramework.framework */ = {isa = PBXFileReference; lastKnownFileType = wrapper.framework; name = VKSdkFramework.framework; path = Carthage/Build/iOS/VKSdkFramework.framework; sourceTree = "<group>"; };
		72A1DF472430E95D0014C7A5 /* LoginViewController.swift */ = {isa = PBXFileReference; lastKnownFileType = sourcecode.swift; path = LoginViewController.swift; sourceTree = "<group>"; };
		72A1DF492430F5900014C7A5 /* SharingViewController.swift */ = {isa = PBXFileReference; lastKnownFileType = sourcecode.swift; path = SharingViewController.swift; sourceTree = "<group>"; };
/* End PBXFileReference section */

/* Begin PBXFrameworksBuildPhase section */
		7263A7502430B46D00B363FA /* Frameworks */ = {
			isa = PBXFrameworksBuildPhase;
			buildActionMask = 2147483647;
			files = (
				7263A77D2430C99500B363FA /* FBSDKCoreKit.framework in Frameworks */,
				7263A76F2430C7A400B363FA /* FacebookShare.framework in Frameworks */,
				7263A77F2430C99500B363FA /* FBSDKShareKit.framework in Frameworks */,
				7263A7732430C7A400B363FA /* FacebookLogin.framework in Frameworks */,
				7263A7812430C99500B363FA /* FBSDKPlacesKit.framework in Frameworks */,
				72985A362431080600AA7425 /* VKSdkFramework.framework in Frameworks */,
				7263A77B2430C99500B363FA /* FBSDKLoginKit.framework in Frameworks */,
				7263A7712430C7A400B363FA /* FacebookCore.framework in Frameworks */,
			);
			runOnlyForDeploymentPostprocessing = 0;
		};
/* End PBXFrameworksBuildPhase section */

/* Begin PBXGroup section */
		7263A74A2430B46D00B363FA = {
			isa = PBXGroup;
			children = (
				7263A7552430B46D00B363FA /* PhotoSharing */,
				7263A7542430B46D00B363FA /* Products */,
				7263A76B2430C7A400B363FA /* Frameworks */,
			);
			sourceTree = "<group>";
		};
		7263A7542430B46D00B363FA /* Products */ = {
			isa = PBXGroup;
			children = (
				7263A7532430B46D00B363FA /* PhotoSharing.app */,
			);
			name = Products;
			sourceTree = "<group>";
		};
		7263A7552430B46D00B363FA /* PhotoSharing */ = {
			isa = PBXGroup;
			children = (
				72985A3824311CC400AA7425 /* Services */,
				72A1DF462430E9260014C7A5 /* Controllers */,
				7263A7562430B46D00B363FA /* AppDelegate.swift */,
				7263A7582430B46D00B363FA /* SceneDelegate.swift */,
				7263A75C2430B46D00B363FA /* Main.storyboard */,
				7263A75F2430B46D00B363FA /* Assets.xcassets */,
				7263A7612430B46D00B363FA /* LaunchScreen.storyboard */,
				7263A7642430B46D00B363FA /* Info.plist */,
			);
			path = PhotoSharing;
			sourceTree = "<group>";
		};
		7263A76B2430C7A400B363FA /* Frameworks */ = {
			isa = PBXGroup;
			children = (
				72985A352431080600AA7425 /* VKSdkFramework.framework */,
				7263A7782430C99500B363FA /* FBSDKCoreKit.framework */,
				7263A7772430C99500B363FA /* FBSDKLoginKit.framework */,
				7263A77A2430C99500B363FA /* FBSDKPlacesKit.framework */,
				7263A7792430C99500B363FA /* FBSDKShareKit.framework */,
				7263A76D2430C7A400B363FA /* FacebookCore.framework */,
				7263A76E2430C7A400B363FA /* FacebookLogin.framework */,
				7263A76C2430C7A400B363FA /* FacebookShare.framework */,
			);
			name = Frameworks;
			sourceTree = "<group>";
		};
		72985A3824311CC400AA7425 /* Services */ = {
			isa = PBXGroup;
			children = (
			);
			path = Services;
			sourceTree = "<group>";
		};
		72A1DF462430E9260014C7A5 /* Controllers */ = {
			isa = PBXGroup;
			children = (
				7263A75A2430B46D00B363FA /* MainViewController.swift */,
				72A1DF472430E95D0014C7A5 /* LoginViewController.swift */,
				72A1DF492430F5900014C7A5 /* SharingViewController.swift */,
			);
			path = Controllers;
			sourceTree = "<group>";
		};
/* End PBXGroup section */

/* Begin PBXNativeTarget section */
		7263A7522430B46D00B363FA /* PhotoSharing */ = {
			isa = PBXNativeTarget;
			buildConfigurationList = 7263A7672430B46D00B363FA /* Build configuration list for PBXNativeTarget "PhotoSharing" */;
			buildPhases = (
				7263A74F2430B46D00B363FA /* Sources */,
				7263A7502430B46D00B363FA /* Frameworks */,
				7263A7512430B46D00B363FA /* Resources */,
				7263A7752430C7A500B363FA /* Embed Frameworks */,
				7263A7762430C85000B363FA /* ShellScript */,
			);
			buildRules = (
			);
			dependencies = (
			);
			name = PhotoSharing;
			productName = PhotoSharing;
			productReference = 7263A7532430B46D00B363FA /* PhotoSharing.app */;
			productType = "com.apple.product-type.application";
		};
/* End PBXNativeTarget section */

/* Begin PBXProject section */
		7263A74B2430B46D00B363FA /* Project object */ = {
			isa = PBXProject;
			attributes = {
				LastSwiftUpdateCheck = 1140;
				LastUpgradeCheck = 1140;
				ORGANIZATIONNAME = "Никита Гундорин";
				TargetAttributes = {
					7263A7522430B46D00B363FA = {
						CreatedOnToolsVersion = 11.4;
					};
				};
			};
			buildConfigurationList = 7263A74E2430B46D00B363FA /* Build configuration list for PBXProject "PhotoSharing" */;
			compatibilityVersion = "Xcode 9.3";
			developmentRegion = en;
			hasScannedForEncodings = 0;
			knownRegions = (
				en,
				Base,
			);
			mainGroup = 7263A74A2430B46D00B363FA;
			productRefGroup = 7263A7542430B46D00B363FA /* Products */;
			projectDirPath = "";
			projectRoot = "";
			targets = (
				7263A7522430B46D00B363FA /* PhotoSharing */,
			);
		};
/* End PBXProject section */

/* Begin PBXResourcesBuildPhase section */
		7263A7512430B46D00B363FA /* Resources */ = {
			isa = PBXResourcesBuildPhase;
			buildActionMask = 2147483647;
			files = (
				7263A7632430B46D00B363FA /* LaunchScreen.storyboard in Resources */,
				7263A7602430B46D00B363FA /* Assets.xcassets in Resources */,
				7263A75E2430B46D00B363FA /* Main.storyboard in Resources */,
			);
			runOnlyForDeploymentPostprocessing = 0;
		};
/* End PBXResourcesBuildPhase section */

/* Begin PBXShellScriptBuildPhase section */
		7263A7762430C85000B363FA /* ShellScript */ = {
			isa = PBXShellScriptBuildPhase;
			buildActionMask = 2147483647;
			files = (
			);
			inputFileListPaths = (
			);
			inputPaths = (
				"$(SRCROOT)/Carthage/Build/iOS/FacebookCore.framework",
				"$(SRCROOT)/Carthage/Build/iOS/FacebookLogin.framework",
				"$(SRCROOT)/Carthage/Build/iOS/FacebookShare.framework",
				"$(SRCROOT)/Carthage/Build/iOS/FBSDKCoreKit.framework",
				"$(SRCROOT)/Carthage/Build/iOS/FBSDKLoginKit.framework",
				"$(SRCROOT)/Carthage/Build/iOS/FBSDKPlacesKit.framework",
				"$(SRCROOT)/Carthage/Build/iOS/FBSDKShareKit.framework",
				"$(SRCROOT)/Carthage/Build/iOS/VKSdkFramework.framework",
			);
			outputFileListPaths = (
			);
			outputPaths = (
			);
			runOnlyForDeploymentPostprocessing = 0;
			shellPath = /bin/sh;
			shellScript = "# Type a script or drag a script file from your workspace to insert its path.\n/usr/local/bin/carthage copy-frameworks\n";
		};
/* End PBXShellScriptBuildPhase section */

/* Begin PBXSourcesBuildPhase section */
		7263A74F2430B46D00B363FA /* Sources */ = {
			isa = PBXSourcesBuildPhase;
			buildActionMask = 2147483647;
			files = (
				72A1DF482430E95D0014C7A5 /* LoginViewController.swift in Sources */,
				7263A75B2430B46D00B363FA /* MainViewController.swift in Sources */,
				7263A7572430B46D00B363FA /* AppDelegate.swift in Sources */,
				7263A7592430B46D00B363FA /* SceneDelegate.swift in Sources */,
				72A1DF4A2430F5900014C7A5 /* SharingViewController.swift in Sources */,
			);
			runOnlyForDeploymentPostprocessing = 0;
		};
/* End PBXSourcesBuildPhase section */

/* Begin PBXVariantGroup section */
		7263A75C2430B46D00B363FA /* Main.storyboard */ = {
			isa = PBXVariantGroup;
			children = (
				7263A75D2430B46D00B363FA /* Base */,
			);
			name = Main.storyboard;
			sourceTree = "<group>";
		};
		7263A7612430B46D00B363FA /* LaunchScreen.storyboard */ = {
			isa = PBXVariantGroup;
			children = (
				7263A7622430B46D00B363FA /* Base */,
			);
			name = LaunchScreen.storyboard;
			sourceTree = "<group>";
		};
/* End PBXVariantGroup section */

/* Begin XCBuildConfiguration section */
		7263A7652430B46D00B363FA /* Debug */ = {
			isa = XCBuildConfiguration;
			buildSettings = {
				ALWAYS_SEARCH_USER_PATHS = NO;
				CLANG_ANALYZER_NONNULL = YES;
				CLANG_ANALYZER_NUMBER_OBJECT_CONVERSION = YES_AGGRESSIVE;
				CLANG_CXX_LANGUAGE_STANDARD = "gnu++14";
				CLANG_CXX_LIBRARY = "libc++";
				CLANG_ENABLE_MODULES = YES;
				CLANG_ENABLE_OBJC_ARC = YES;
				CLANG_ENABLE_OBJC_WEAK = YES;
				CLANG_WARN_BLOCK_CAPTURE_AUTORELEASING = YES;
				CLANG_WARN_BOOL_CONVERSION = YES;
				CLANG_WARN_COMMA = YES;
				CLANG_WARN_CONSTANT_CONVERSION = YES;
				CLANG_WARN_DEPRECATED_OBJC_IMPLEMENTATIONS = YES;
				CLANG_WARN_DIRECT_OBJC_ISA_USAGE = YES_ERROR;
				CLANG_WARN_DOCUMENTATION_COMMENTS = YES;
				CLANG_WARN_EMPTY_BODY = YES;
				CLANG_WARN_ENUM_CONVERSION = YES;
				CLANG_WARN_INFINITE_RECURSION = YES;
				CLANG_WARN_INT_CONVERSION = YES;
				CLANG_WARN_NON_LITERAL_NULL_CONVERSION = YES;
				CLANG_WARN_OBJC_IMPLICIT_RETAIN_SELF = YES;
				CLANG_WARN_OBJC_LITERAL_CONVERSION = YES;
				CLANG_WARN_OBJC_ROOT_CLASS = YES_ERROR;
				CLANG_WARN_RANGE_LOOP_ANALYSIS = YES;
				CLANG_WARN_STRICT_PROTOTYPES = YES;
				CLANG_WARN_SUSPICIOUS_MOVE = YES;
				CLANG_WARN_UNGUARDED_AVAILABILITY = YES_AGGRESSIVE;
				CLANG_WARN_UNREACHABLE_CODE = YES;
				CLANG_WARN__DUPLICATE_METHOD_MATCH = YES;
				COPY_PHASE_STRIP = NO;
				DEBUG_INFORMATION_FORMAT = dwarf;
				ENABLE_STRICT_OBJC_MSGSEND = YES;
				ENABLE_TESTABILITY = YES;
				GCC_C_LANGUAGE_STANDARD = gnu11;
				GCC_DYNAMIC_NO_PIC = NO;
				GCC_NO_COMMON_BLOCKS = YES;
				GCC_OPTIMIZATION_LEVEL = 0;
				GCC_PREPROCESSOR_DEFINITIONS = (
					"DEBUG=1",
					"$(inherited)",
				);
				GCC_WARN_64_TO_32_BIT_CONVERSION = YES;
				GCC_WARN_ABOUT_RETURN_TYPE = YES_ERROR;
				GCC_WARN_UNDECLARED_SELECTOR = YES;
				GCC_WARN_UNINITIALIZED_AUTOS = YES_AGGRESSIVE;
				GCC_WARN_UNUSED_FUNCTION = YES;
				GCC_WARN_UNUSED_VARIABLE = YES;
				IPHONEOS_DEPLOYMENT_TARGET = 13.4;
				MTL_ENABLE_DEBUG_INFO = INCLUDE_SOURCE;
				MTL_FAST_MATH = YES;
				ONLY_ACTIVE_ARCH = YES;
				SDKROOT = iphoneos;
				SWIFT_ACTIVE_COMPILATION_CONDITIONS = DEBUG;
				SWIFT_OPTIMIZATION_LEVEL = "-Onone";
			};
			name = Debug;
		};
		7263A7662430B46D00B363FA /* Release */ = {
			isa = XCBuildConfiguration;
			buildSettings = {
				ALWAYS_SEARCH_USER_PATHS = NO;
				CLANG_ANALYZER_NONNULL = YES;
				CLANG_ANALYZER_NUMBER_OBJECT_CONVERSION = YES_AGGRESSIVE;
				CLANG_CXX_LANGUAGE_STANDARD = "gnu++14";
				CLANG_CXX_LIBRARY = "libc++";
				CLANG_ENABLE_MODULES = YES;
				CLANG_ENABLE_OBJC_ARC = YES;
				CLANG_ENABLE_OBJC_WEAK = YES;
				CLANG_WARN_BLOCK_CAPTURE_AUTORELEASING = YES;
				CLANG_WARN_BOOL_CONVERSION = YES;
				CLANG_WARN_COMMA = YES;
				CLANG_WARN_CONSTANT_CONVERSION = YES;
				CLANG_WARN_DEPRECATED_OBJC_IMPLEMENTATIONS = YES;
				CLANG_WARN_DIRECT_OBJC_ISA_USAGE = YES_ERROR;
				CLANG_WARN_DOCUMENTATION_COMMENTS = YES;
				CLANG_WARN_EMPTY_BODY = YES;
				CLANG_WARN_ENUM_CONVERSION = YES;
				CLANG_WARN_INFINITE_RECURSION = YES;
				CLANG_WARN_INT_CONVERSION = YES;
				CLANG_WARN_NON_LITERAL_NULL_CONVERSION = YES;
				CLANG_WARN_OBJC_IMPLICIT_RETAIN_SELF = YES;
				CLANG_WARN_OBJC_LITERAL_CONVERSION = YES;
				CLANG_WARN_OBJC_ROOT_CLASS = YES_ERROR;
				CLANG_WARN_RANGE_LOOP_ANALYSIS = YES;
				CLANG_WARN_STRICT_PROTOTYPES = YES;
				CLANG_WARN_SUSPICIOUS_MOVE = YES;
				CLANG_WARN_UNGUARDED_AVAILABILITY = YES_AGGRESSIVE;
				CLANG_WARN_UNREACHABLE_CODE = YES;
				CLANG_WARN__DUPLICATE_METHOD_MATCH = YES;
				COPY_PHASE_STRIP = NO;
				DEBUG_INFORMATION_FORMAT = "dwarf-with-dsym";
				ENABLE_NS_ASSERTIONS = NO;
				ENABLE_STRICT_OBJC_MSGSEND = YES;
				GCC_C_LANGUAGE_STANDARD = gnu11;
				GCC_NO_COMMON_BLOCKS = YES;
				GCC_WARN_64_TO_32_BIT_CONVERSION = YES;
				GCC_WARN_ABOUT_RETURN_TYPE = YES_ERROR;
				GCC_WARN_UNDECLARED_SELECTOR = YES;
				GCC_WARN_UNINITIALIZED_AUTOS = YES_AGGRESSIVE;
				GCC_WARN_UNUSED_FUNCTION = YES;
				GCC_WARN_UNUSED_VARIABLE = YES;
				IPHONEOS_DEPLOYMENT_TARGET = 13.4;
				MTL_ENABLE_DEBUG_INFO = NO;
				MTL_FAST_MATH = YES;
				SDKROOT = iphoneos;
				SWIFT_COMPILATION_MODE = wholemodule;
				SWIFT_OPTIMIZATION_LEVEL = "-O";
				VALIDATE_PRODUCT = YES;
			};
			name = Release;
		};
		7263A7682430B46D00B363FA /* Debug */ = {
			isa = XCBuildConfiguration;
			buildSettings = {
				ASSETCATALOG_COMPILER_APPICON_NAME = AppIcon;
				CODE_SIGN_STYLE = Automatic;
				DEVELOPMENT_TEAM = T6696YN386;
				FRAMEWORK_SEARCH_PATHS = (
					"$(inherited)",
					"$(PROJECT_DIR)/Carthage/Build/iOS",
				);
				INFOPLIST_FILE = PhotoSharing/Info.plist;
				LD_RUNPATH_SEARCH_PATHS = (
					"$(inherited)",
					"@executable_path/Frameworks",
				);
				PRODUCT_BUNDLE_IDENTIFIER = nikitagundorin.PhotoSharing;
				PRODUCT_NAME = "$(TARGET_NAME)";
				SWIFT_VERSION = 5.0;
				TARGETED_DEVICE_FAMILY = 1;
			};
			name = Debug;
		};
		7263A7692430B46D00B363FA /* Release */ = {
			isa = XCBuildConfiguration;
			buildSettings = {
				ASSETCATALOG_COMPILER_APPICON_NAME = AppIcon;
				CODE_SIGN_STYLE = Automatic;
				DEVELOPMENT_TEAM = T6696YN386;
				FRAMEWORK_SEARCH_PATHS = (
					"$(inherited)",
					"$(PROJECT_DIR)/Carthage/Build/iOS",
				);
				INFOPLIST_FILE = PhotoSharing/Info.plist;
				LD_RUNPATH_SEARCH_PATHS = (
					"$(inherited)",
					"@executable_path/Frameworks",
				);
				PRODUCT_BUNDLE_IDENTIFIER = nikitagundorin.PhotoSharing;
				PRODUCT_NAME = "$(TARGET_NAME)";
				SWIFT_VERSION = 5.0;
				TARGETED_DEVICE_FAMILY = 1;
			};
			name = Release;
		};
/* End XCBuildConfiguration section */

/* Begin XCConfigurationList section */
		7263A74E2430B46D00B363FA /* Build configuration list for PBXProject "PhotoSharing" */ = {
			isa = XCConfigurationList;
			buildConfigurations = (
				7263A7652430B46D00B363FA /* Debug */,
				7263A7662430B46D00B363FA /* Release */,
			);
			defaultConfigurationIsVisible = 0;
			defaultConfigurationName = Release;
		};
		7263A7672430B46D00B363FA /* Build configuration list for PBXNativeTarget "PhotoSharing" */ = {
			isa = XCConfigurationList;
			buildConfigurations = (
				7263A7682430B46D00B363FA /* Debug */,
				7263A7692430B46D00B363FA /* Release */,
			);
			defaultConfigurationIsVisible = 0;
			defaultConfigurationName = Release;
		};
/* End XCConfigurationList section */
	};
	rootObject = 7263A74B2430B46D00B363FA /* Project object */;
}
